
Microsoft Visual Studio Solution File, Format Version 12.00
# Visual Studio Version 16
VisualStudioVersion = 16.0.30804.86
MinimumVisualStudioVersion = 10.0.40219.1
Project("{FAE04EC0-301F-11D3-BF4B-00C04F79EFBC}") = "fawuhfkawjhjkf", "fawuhfkawjhjkf\fawuhfkawjhjkf.csproj", "{5041C991-565B-4523-B613-2F59BC56DF65}"
EndProject
Global
	GlobalSection(SolutionConfigurationPlatforms) = preSolution
		Debug|Any CPU = Debug|Any CPU
		Release|Any CPU = Release|Any CPU
	EndGlobalSection
	GlobalSection(ProjectConfigurationPlatforms) = postSolution
		{5041C991-565B-4523-B613-2F59BC56DF65}.Debug|Any CPU.ActiveCfg = Debug|Any CPU
		{5041C991-565B-4523-B613-2F59BC56DF65}.Debug|Any CPU.Build.0 = Debug|Any CPU
		{5041C991-565B-4523-B613-2F59BC56DF65}.Release|Any CPU.ActiveCfg = Release|Any CPU
		{5041C991-565B-4523-B613-2F59BC56DF65}.Release|Any CPU.Build.0 = Release|Any CPU
	EndGlobalSection
	GlobalSection(SolutionProperties) = preSolution
		HideSolutionNode = FALSE
	EndGlobalSection
	GlobalSection(ExtensibilityGlobals) = postSolution
		SolutionGuid = {AC2DC417-79BA-4B4D-9C68-34F5F6F11149}
	EndGlobalSection
EndGlobal
