
Microsoft Visual Studio Solution File, Format Version 12.00
# Visual Studio Version 16
VisualStudioVersion = 16.0.30320.27
MinimumVisualStudioVersion = 10.0.40219.1
Project("{FAE04EC0-301F-11D3-BF4B-00C04F79EFBC}") = "Pokemon", "Pokemon\Pokemon.csproj", "{3D452016-E7D4-4D9D-A437-D6A92B80F1C8}"
EndProject
Global
	GlobalSection(SolutionConfigurationPlatforms) = preSolution
		Debug|Any CPU = Debug|Any CPU
		Release|Any CPU = Release|Any CPU
	EndGlobalSection
	GlobalSection(ProjectConfigurationPlatforms) = postSolution
		{3D452016-E7D4-4D9D-A437-D6A92B80F1C8}.Debug|Any CPU.ActiveCfg = Debug|Any CPU
		{3D452016-E7D4-4D9D-A437-D6A92B80F1C8}.Debug|Any CPU.Build.0 = Debug|Any CPU
		{3D452016-E7D4-4D9D-A437-D6A92B80F1C8}.Release|Any CPU.ActiveCfg = Release|Any CPU
		{3D452016-E7D4-4D9D-A437-D6A92B80F1C8}.Release|Any CPU.Build.0 = Release|Any CPU
	EndGlobalSection
	GlobalSection(SolutionProperties) = preSolution
		HideSolutionNode = FALSE
	EndGlobalSection
	GlobalSection(ExtensibilityGlobals) = postSolution
		SolutionGuid = {7F2A9137-5268-42E6-8DF7-D74681393822}
	EndGlobalSection
EndGlobal
